
Microsoft Visual Studio Solution File, Format Version 12.00
# Visual Studio Version 17
VisualStudioVersion = 17.4.33110.190
MinimumVisualStudioVersion = 10.0.40219.1
Project("{FAE04EC0-301F-11D3-BF4B-00C04F79EFBC}") = "CookieBasedAuthWithRole", "CookieBasedAuthWithRole\CookieBasedAuthWithRole.csproj", "{0236B862-B406-4EE3-AF5D-9B48FCDC4EF2}"
EndProject
Global
	GlobalSection(SolutionConfigurationPlatforms) = preSolution
		Debug|Any CPU = Debug|Any CPU
		Release|Any CPU = Release|Any CPU
	EndGlobalSection
	GlobalSection(ProjectConfigurationPlatforms) = postSolution
		{0236B862-B406-4EE3-AF5D-9B48FCDC4EF2}.Debug|Any CPU.ActiveCfg = Debug|Any CPU
		{0236B862-B406-4EE3-AF5D-9B48FCDC4EF2}.Debug|Any CPU.Build.0 = Debug|Any CPU
		{0236B862-B406-4EE3-AF5D-9B48FCDC4EF2}.Release|Any CPU.ActiveCfg = Release|Any CPU
		{0236B862-B406-4EE3-AF5D-9B48FCDC4EF2}.Release|Any CPU.Build.0 = Release|Any CPU
	EndGlobalSection
	GlobalSection(SolutionProperties) = preSolution
		HideSolutionNode = FALSE
	EndGlobalSection
	GlobalSection(ExtensibilityGlobals) = postSolution
		SolutionGuid = {D8AB9AD3-0756-4306-A25A-2928331FF88B}
	EndGlobalSection
EndGlobal
